{
    "_readme": [
        "This file locks the dependencies of your project to a known state",
        "Read more about it at http://getcomposer.org/doc/01-basic-usage.md#composer-lock-the-lock-file"
    ],
    "hash": "ed32bfeeff6c8bd2ad1f869fb966d61a",
    "packages": [
        {
            "name": "Net_SMTP",
            "version": "dev-master",
            "source": {
                "type": "git",
                "url": "http://github.com/pear/Net_SMTP",
                "reference": "master"
            },
            "type": "library",
            "time": "2012-07-15 22:11:58"
        },
        {
            "name": "composer/composer",
            "version": "dev-master",
            "source": {
                "type": "git",
                "url": "https://github.com/composer/composer.git",
                "reference": "4569f528f66739ec0a3be1075e2c01d6062b0b41"
            },
            "dist": {
                "type": "zip",
                "url": "https://api.github.com/repos/composer/composer/zipball/4569f528f66739ec0a3be1075e2c01d6062b0b41",
                "reference": "4569f528f66739ec0a3be1075e2c01d6062b0b41",
                "shasum": ""
            },
            "require": {
                "justinrainbow/json-schema": "~1.1",
                "php": ">=5.3.2",
                "seld/jsonlint": "~1.0",
                "symfony/console": "~2.3",
                "symfony/finder": "~2.2",
                "symfony/process": "~2.1"
            },
            "require-dev": {
                "phpunit/phpunit": "~4.0"
            },
            "suggest": {
                "ext-openssl": "Enabling the openssl extension allows you to access https URLs for repositories and packages",
                "ext-zip": "Enabling the zip extension allows you to unzip archives, and allows gzip compression of all internet traffic"
            },
            "bin": [
                "bin/composer"
            ],
            "type": "library",
            "extra": {
                "branch-alias": {
                    "dev-master": "1.0-dev"
                }
            },
            "autoload": {
                "psr-0": {
                    "Composer": "src/"
                }
            },
            "notification-url": "https://packagist.org/downloads/",
            "license": [
                "MIT"
            ],
            "authors": [
                {
                    "name": "Nils Adermann",
                    "email": "naderman@naderman.de",
                    "homepage": "http://www.naderman.de"
                },
                {
                    "name": "Jordi Boggiano",
                    "email": "j.boggiano@seld.be",
                    "homepage": "http://seld.be"
                }
            ],
            "description": "Composer helps you declare, manage and install dependencies of PHP projects, ensuring you have the right stack everywhere.",
            "homepage": "http://getcomposer.org/",
            "keywords": [
                "autoload",
                "dependency",
                "package"
            ],
            "time": "2014-12-22 11:50:02"
        },
        {
            "name": "justinrainbow/json-schema",
            "version": "dev-master",
            "source": {
                "type": "git",
                "url": "https://github.com/justinrainbow/json-schema.git",
                "reference": "87b54b460febed69726c781ab67462084e97a105"
            },
            "dist": {
                "type": "zip",
                "url": "https://api.github.com/repos/justinrainbow/json-schema/zipball/87b54b460febed69726c781ab67462084e97a105",
                "reference": "87b54b460febed69726c781ab67462084e97a105",
                "shasum": ""
            },
            "require": {
                "php": ">=5.3.0"
            },
            "require-dev": {
                "json-schema/json-schema-test-suite": "1.1.0",
                "phpdocumentor/phpdocumentor": "~2",
                "phpunit/phpunit": "~3.7"
            },
            "bin": [
                "bin/validate-json"
            ],
            "type": "library",
            "extra": {
                "branch-alias": {
                    "dev-master": "1.4.x-dev"
                }
            },
            "autoload": {
                "psr-0": {
                    "JsonSchema": "src/"
                }
            },
            "notification-url": "https://packagist.org/downloads/",
            "license": [
                "BSD-3-Clause"
            ],
            "authors": [
                {
                    "name": "Bruno Prieto Reis",
                    "email": "bruno.p.reis@gmail.com"
                },
                {
                    "name": "Justin Rainbow",
                    "email": "justin.rainbow@gmail.com"
                },
                {
                    "name": "Igor Wiedler",
                    "email": "igor@wiedler.ch"
                },
                {
                    "name": "Robert Schönthal",
                    "email": "seroscho@googlemail.com"
                }
            ],
            "description": "A library to validate a json schema.",
            "homepage": "https://github.com/justinrainbow/json-schema",
            "keywords": [
                "json",
                "schema"
            ],
            "time": "2014-08-25 02:48:14"
        },
        {
            "name": "pear-pear.php.net/Auth_SASL",
            "version": "1.0.6",
            "dist": {
                "type": "file",
                "url": "http://pear.php.net/get/Auth_SASL-1.0.6.tgz",
                "reference": null,
                "shasum": null
            },
            "require": {
                "php": ">=4.2.0.0"
            },
            "replace": {
                "pear-pear/auth_sasl": "== 1.0.6.0"
            },
            "type": "pear-library",
            "autoload": {
                "classmap": [
                    ""
                ]
            },
            "include-path": [
                "/"
            ],
            "description": "Provides code to generate responses to common SASL mechanisms, including:\n- Digest-MD5\n- Cram-MD5\n- Plain\n- Anonymous\n- Login (Pseudo mechanism)\n- SCRAM"
        },
        {
            "name": "pear-pear.php.net/Mail_Mime",
            "version": "1.8.9",
            "dist": {
                "type": "file",
                "url": "http://pear.php.net/get/Mail_Mime-1.8.9.tgz",
                "reference": null,
                "shasum": null
            },
            "require": {
                "php": ">=4.3.0.0"
            },
            "replace": {
                "pear-pear/mail_mime": "== 1.8.9.0"
            },
            "type": "pear-library",
            "autoload": {
                "classmap": [
                    ""
                ]
            },
            "include-path": [
                "/"
            ],
            "description": "Mail_Mime provides classes to deal with the creation and manipulation of MIME messages.\nIt allows people to create e-mail messages consisting of:\n* Text Parts\n* HTML Parts\n* Inline HTML Images\n* Attachments\n* Attached messages\n\nIt supports big messages, base64 and quoted-printable encodings and\nnon-ASCII characters in filenames, subjects, recipients, etc. encoded\nusing RFC2047 and/or RFC2231."
        },
        {
            "name": "pear-pear.php.net/Mail_mimeDecode",
            "version": "1.5.5",
            "dist": {
                "type": "file",
                "url": "http://pear.php.net/get/Mail_mimeDecode-1.5.5.tgz",
                "reference": null,
                "shasum": null
            },
            "require": {
                "pear-pear.php.net/mail_mime": ">1.4.0.0",
                "php": ">=4.3.0.0"
            },
            "replace": {
                "pear-pear/mail_mimedecode": "== 1.5.5.0"
            },
            "type": "pear-library",
            "autoload": {
                "classmap": [
                    ""
                ]
            },
            "include-path": [
                "/"
            ],
            "description": "Provides a class to deal with the decoding and interpreting of mime messages.\n This package used to be part of the Mail_Mime package, but has been split off."
        },
        {
            "name": "pear-pear.php.net/Net_IDNA2",
            "version": "0.1.1",
            "dist": {
                "type": "file",
                "url": "http://pear.php.net/get/Net_IDNA2-0.1.1.tgz",
                "reference": null,
                "shasum": null
            },
            "require": {
                "php": ">=5.2.1.0"
            },
            "replace": {
                "pear-pear/net_idna2": "== 0.1.1.0"
            },
            "type": "pear-library",
            "autoload": {
                "classmap": [
                    ""
                ]
            },
            "include-path": [
                "/"
            ],
            "description": "This package helps you to encode and decode punycode strings easily."
        },
        {
            "name": "roundcube/plugin-installer",
            "version": "dev-master",
            "source": {
                "type": "git",
                "url": "https://github.com/roundcube/plugin-installer.git",
                "reference": "0.1.6"
            },
            "dist": {
                "type": "zip",
                "url": "https://api.github.com/repos/roundcube/plugin-installer/zipball/0.1.6",
                "reference": "0.1.6",
                "shasum": ""
            },
            "require": {
                "php": ">=5.3.0"
            },
            "require-dev": {
                "composer/composer": "*"
            },
            "bin": [
                "src/bin/rcubeinitdb.sh"
            ],
            "type": "composer-installer",
            "extra": {
                "class": "Roundcube\\Composer\\PluginInstaller"
            },
            "autoload": {
                "psr-0": {
                    "Roundcube\\Composer": "src/"
                }
            },
            "notification-url": "http://plugins.roundcube.net/downloads/%package%",
            "license": [
                "GPL-3.0+"
            ],
            "authors": [
                {
                    "name": "Till Klampaeckel",
                    "email": "till@php.net"
                },
                {
                    "name": "Thomas Bruederli",
                    "email": "thomas@roundcube.net",
                    "role": "Lead"
                }
            ],
            "description": "A composer-installer for Roundcube plugins.",
            "time": "2014-09-15 19:56:29"
        },
        {
            "name": "seld/jsonlint",
            "version": "1.3.0",
            "source": {
                "type": "git",
                "url": "https://github.com/Seldaek/jsonlint.git",
                "reference": "a7bc2ec9520ad15382292591b617c43bdb1fec35"
            },
            "dist": {
                "type": "zip",
                "url": "https://api.github.com/repos/Seldaek/jsonlint/zipball/a7bc2ec9520ad15382292591b617c43bdb1fec35",
                "reference": "a7bc2ec9520ad15382292591b617c43bdb1fec35",
                "shasum": ""
            },
            "require": {
                "php": ">=5.3.0"
            },
            "bin": [
                "bin/jsonlint"
            ],
            "type": "library",
            "autoload": {
                "psr-4": {
                    "Seld\\JsonLint\\": "src/Seld/JsonLint/"
                }
            },
            "notification-url": "https://packagist.org/downloads/",
            "license": [
                "MIT"
            ],
            "authors": [
                {
                    "name": "Jordi Boggiano",
                    "email": "j.boggiano@seld.be",
                    "homepage": "http://seld.be"
                }
            ],
            "description": "JSON Linter",
            "keywords": [
                "json",
                "linter",
                "parser",
                "validator"
            ],
            "time": "2014-09-05 15:36:20"
        },
        {
            "name": "symfony/console",
            "version": "2.7.x-dev",
            "target-dir": "Symfony/Component/Console",
            "source": {
                "type": "git",
                "url": "https://github.com/symfony/Console.git",
                "reference": "b2d63b962688615d9b895a3d0be8bca7c3acf2fd"
            },
            "dist": {
                "type": "zip",
                "url": "https://api.github.com/repos/symfony/Console/zipball/b2d63b962688615d9b895a3d0be8bca7c3acf2fd",
                "reference": "b2d63b962688615d9b895a3d0be8bca7c3acf2fd",
                "shasum": ""
            },
            "require": {
                "php": ">=5.3.3"
            },
            "require-dev": {
                "psr/log": "~1.0",
                "symfony/event-dispatcher": "~2.1",
                "symfony/process": "~2.1"
            },
            "suggest": {
                "psr/log": "For using the console logger",
                "symfony/event-dispatcher": "",
                "symfony/process": ""
            },
            "type": "library",
            "extra": {
                "branch-alias": {
                    "dev-master": "2.7-dev"
                }
            },
            "autoload": {
                "psr-0": {
                    "Symfony\\Component\\Console\\": ""
                }
            },
            "notification-url": "https://packagist.org/downloads/",
            "license": [
                "MIT"
            ],
            "authors": [
                {
                    "name": "Symfony Community",
                    "homepage": "http://symfony.com/contributors"
                },
                {
                    "name": "Fabien Potencier",
                    "email": "fabien@symfony.com"
                }
            ],
            "description": "Symfony Console Component",
            "homepage": "http://symfony.com",
            "time": "2014-12-24 10:55:26"
        },
        {
            "name": "symfony/finder",
            "version": "2.7.x-dev",
            "target-dir": "Symfony/Component/Finder",
            "source": {
                "type": "git",
                "url": "https://github.com/symfony/Finder.git",
                "reference": "3163e335375f3433569996fd68c89887e4a82d29"
            },
            "dist": {
                "type": "zip",
                "url": "https://api.github.com/repos/symfony/Finder/zipball/3163e335375f3433569996fd68c89887e4a82d29",
                "reference": "3163e335375f3433569996fd68c89887e4a82d29",
                "shasum": ""
            },
            "require": {
                "php": ">=5.3.3"
            },
            "type": "library",
            "extra": {
                "branch-alias": {
                    "dev-master": "2.7-dev"
                }
            },
            "autoload": {
                "psr-0": {
                    "Symfony\\Component\\Finder\\": ""
                }
            },
            "notification-url": "https://packagist.org/downloads/",
            "license": [
                "MIT"
            ],
            "authors": [
                {
                    "name": "Symfony Community",
                    "homepage": "http://symfony.com/contributors"
                },
                {
                    "name": "Fabien Potencier",
                    "email": "fabien@symfony.com"
                }
            ],
            "description": "Symfony Finder Component",
            "homepage": "http://symfony.com",
            "time": "2014-12-22 16:45:18"
        },
        {
            "name": "symfony/process",
            "version": "2.7.x-dev",
            "target-dir": "Symfony/Component/Process",
            "source": {
                "type": "git",
                "url": "https://github.com/symfony/Process.git",
                "reference": "3131373c59f463709b04e39ae0818a2b84d01d38"
            },
            "dist": {
                "type": "zip",
                "url": "https://api.github.com/repos/symfony/Process/zipball/3131373c59f463709b04e39ae0818a2b84d01d38",
                "reference": "3131373c59f463709b04e39ae0818a2b84d01d38",
                "shasum": ""
            },
            "require": {
                "php": ">=5.3.3"
            },
            "type": "library",
            "extra": {
                "branch-alias": {
                    "dev-master": "2.7-dev"
                }
            },
            "autoload": {
                "psr-0": {
                    "Symfony\\Component\\Process\\": ""
                }
            },
            "notification-url": "https://packagist.org/downloads/",
            "license": [
                "MIT"
            ],
            "authors": [
                {
                    "name": "Symfony Community",
                    "homepage": "http://symfony.com/contributors"
                },
                {
                    "name": "Fabien Potencier",
                    "email": "fabien@symfony.com"
                }
            ],
            "description": "Symfony Process Component",
            "homepage": "http://symfony.com",
            "time": "2014-12-22 16:45:18"
        },
        {
            "name": "till/plugin_manager",
            "version": "0.1.0",
            "source": {
                "type": "git",
                "url": "https://github.com/till/plugin-manager",
                "reference": "0.1.0"
            },
            "dist": {
                "type": "zip",
                "url": "https://github.com/till/plugin-manager/zipball/0.1.0",
                "reference": "0.1.0",
                "shasum": ""
            },
            "require": {
                "composer/composer": "*",
                "roundcube/plugin-installer": ">=0.1.0"
            },
            "type": "roundcube-plugin",
            "license": [
                "BSD-3-Clause"
            ],
            "authors": [
                {
                    "name": "Till Klampaeckel"
                }
            ],
            "description": "WIP: plugin manager",
            "time": "2012-10-28 14:46:22"
        }
    ],
    "packages-dev": [],
    "aliases": [],
    "minimum-stability": "dev",
    "stability-flags": {
        "net_smtp": 20
    },
    "platform": [],
    "platform-dev": []
}
